
Microsoft Visual Studio Solution File, Format Version 12.00
# Visual Studio Version 17
VisualStudioVersion = 17.1.32328.378
MinimumVisualStudioVersion = 10.0.40219.1
Project("{FAE04EC0-301F-11D3-BF4B-00C04F79EFBC}") = "eCommerceAPI", "eCommerceAPI\eCommerceAPI.csproj", "{25C2A7DD-76CC-4052-939B-64BC9AA88E3D}"
EndProject
Global
	GlobalSection(SolutionConfigurationPlatforms) = preSolution
		Debug|Any CPU = Debug|Any CPU
		Release|Any CPU = Release|Any CPU
	EndGlobalSection
	GlobalSection(ProjectConfigurationPlatforms) = postSolution
		{25C2A7DD-76CC-4052-939B-64BC9AA88E3D}.Debug|Any CPU.ActiveCfg = Debug|Any CPU
		{25C2A7DD-76CC-4052-939B-64BC9AA88E3D}.Debug|Any CPU.Build.0 = Debug|Any CPU
		{25C2A7DD-76CC-4052-939B-64BC9AA88E3D}.Release|Any CPU.ActiveCfg = Release|Any CPU
		{25C2A7DD-76CC-4052-939B-64BC9AA88E3D}.Release|Any CPU.Build.0 = Release|Any CPU
	EndGlobalSection
	GlobalSection(SolutionProperties) = preSolution
		HideSolutionNode = FALSE
	EndGlobalSection
	GlobalSection(ExtensibilityGlobals) = postSolution
		SolutionGuid = {68EEB157-D8A7-4816-B1FB-4B3C61EA0F17}
	EndGlobalSection
EndGlobal
